<?xml version="1.0" encoding="utf-8"?>
<Project ToolsVersion="4.0" xmlns="http://schemas.microsoft.com/developer/msbuild/2003">
  <ItemGroup>
    <Filter Include="src">
      <UniqueIdentifier>{4FC737F1-C7A5-4376-A066-2A32D752A2FF}</UniqueIdentifier>
      <Extensions>cpp;c;cc;cxx;def;odl;idl;hpj;bat;asm;asmx</Extensions>
    </Filter>
    <Filter Include="vl">
      <UniqueIdentifier>{93995380-89BD-4b04-88EB-625FBE52EBFB}</UniqueIdentifier>
      <Extensions>h;hpp;hxx;hm;inl;inc;xsd</Extensions>
    </Filter>
    <Filter Include="toolbox">
      <UniqueIdentifier>{1ddf54db-cc6c-4958-b33d-3cc236118317}</UniqueIdentifier>
    </Filter>
    <Filter Include="make">
      <UniqueIdentifier>{baa18fdc-07c6-46b6-80b3-08af99e1f2ba}</UniqueIdentifier>
    </Filter>
  </ItemGroup>
  <ItemGroup>
    <ClCompile Include="src\aib.c">
      <Filter>src</Filter>
    </ClCompile>
    <ClCompile Include="src\mser.c">
      <Filter>src</Filter>
    </ClCompile>
    <ClCompile Include="src\sift.c">
      <Filter>src</Filter>
    </ClCompile>
    <ClCompile Include="src\test_getopt_long.c">
      <Filter>src</Filter>
    </ClCompile>
    <ClCompile Include="src\test_heap-t.c">
      <Filter>src</Filter>
    </ClCompile>
    <ClCompile Include="src\test_heap.c">
      <Filter>src</Filter>
    </ClCompile>
    <ClCompile Include="src\test_host.c">
      <Filter>src</Filter>
    </ClCompile>
    <ClCompile Include="src\test_imopv.c">
      <Filter>src</Filter>
    </ClCompile>
    <ClCompile Include="src\test_mathop.c">
      <Filter>src</Filter>
    </ClCompile>
    <ClCompile Include="src\test_mathop_abs.c">
      <Filter>src</Filter>
    </ClCompile>
    <ClCompile Include="src\test_nan.c">
      <Filter>src</Filter>
    </ClCompile>
    <ClCompile Include="src\test_rand.c">
      <Filter>src</Filter>
    </ClCompile>
    <ClCompile Include="src\test_stringop.c">
      <Filter>src</Filter>
    </ClCompile>
    <ClCompile Include="src\test_threads.c">
      <Filter>src</Filter>
    </ClCompile>
    <ClCompile Include="src\test_vec_comp.c">
      <Filter>src</Filter>
    </ClCompile>
    <ClCompile Include="vl\aib.c">
      <Filter>vl</Filter>
    </ClCompile>
    <ClCompile Include="vl\dsift.c">
      <Filter>vl</Filter>
    </ClCompile>
    <ClCompile Include="vl\generic.c">
      <Filter>vl</Filter>
    </ClCompile>
    <ClCompile Include="vl\getopt_long.c">
      <Filter>vl</Filter>
    </ClCompile>
    <ClCompile Include="vl\hikmeans.c">
      <Filter>vl</Filter>
    </ClCompile>
    <ClCompile Include="vl\homkermap.c">
      <Filter>vl</Filter>
    </ClCompile>
    <ClCompile Include="vl\host.c">
      <Filter>vl</Filter>
    </ClCompile>
    <ClCompile Include="vl\ikmeans.c">
      <Filter>vl</Filter>
    </ClCompile>
    <ClCompile Include="vl\imopv.c">
      <Filter>vl</Filter>
    </ClCompile>
    <ClCompile Include="vl\imopv_sse2.c">
      <Filter>vl</Filter>
    </ClCompile>
    <ClCompile Include="vl\kdtree.c">
      <Filter>vl</Filter>
    </ClCompile>
    <ClCompile Include="vl\kmeans.c">
      <Filter>vl</Filter>
    </ClCompile>
    <ClCompile Include="vl\mathop.c">
      <Filter>vl</Filter>
    </ClCompile>
    <ClCompile Include="vl\mathop_sse2.c">
      <Filter>vl</Filter>
    </ClCompile>
    <ClCompile Include="vl\mser.c">
      <Filter>vl</Filter>
    </ClCompile>
    <ClCompile Include="vl\pgm.c">
      <Filter>vl</Filter>
    </ClCompile>
    <ClCompile Include="vl\quickshift.c">
      <Filter>vl</Filter>
    </ClCompile>
    <ClCompile Include="vl\random.c">
      <Filter>vl</Filter>
    </ClCompile>
    <ClCompile Include="vl\rodrigues.c">
      <Filter>vl</Filter>
    </ClCompile>
    <ClCompile Include="vl\sift.c">
      <Filter>vl</Filter>
    </ClCompile>
    <ClCompile Include="vl\stringop.c">
      <Filter>vl</Filter>
    </ClCompile>
    <ClCompile Include="toolbox\aib\vl_aib.c">
      <Filter>toolbox</Filter>
    </ClCompile>
    <ClCompile Include="toolbox\aib\vl_aibhist.c">
      <Filter>toolbox</Filter>
    </ClCompile>
    <ClCompile Include="toolbox\misc\vl_alldist.c">
      <Filter>toolbox</Filter>
    </ClCompile>
    <ClCompile Include="toolbox\misc\vl_alldist2.c">
      <Filter>toolbox</Filter>
    </ClCompile>
    <ClCompile Include="toolbox\misc\vl_binsearch.c">
      <Filter>toolbox</Filter>
    </ClCompile>
    <ClCompile Include="toolbox\misc\vl_binsum.c">
      <Filter>toolbox</Filter>
    </ClCompile>
    <ClCompile Include="toolbox\sift\vl_dsift.c">
      <Filter>toolbox</Filter>
    </ClCompile>
    <ClCompile Include="toolbox\mser\vl_erfill.c">
      <Filter>toolbox</Filter>
    </ClCompile>
    <ClCompile Include="toolbox\misc\vl_getpid.c">
      <Filter>toolbox</Filter>
    </ClCompile>
    <ClCompile Include="toolbox\kmeans\vl_hikmeans.c">
      <Filter>toolbox</Filter>
    </ClCompile>
    <ClCompile Include="toolbox\kmeans\vl_hikmeanspush.c">
      <Filter>toolbox</Filter>
    </ClCompile>
    <ClCompile Include="toolbox\misc\vl_ihashfind.c">
      <Filter>toolbox</Filter>
    </ClCompile>
    <ClCompile Include="toolbox\misc\vl_ihashsum.c">
      <Filter>toolbox</Filter>
    </ClCompile>
    <ClCompile Include="toolbox\kmeans\vl_ikmeans.c">
      <Filter>toolbox</Filter>
    </ClCompile>
    <ClCompile Include="toolbox\kmeans\vl_ikmeanspush.c">
      <Filter>toolbox</Filter>
    </ClCompile>
    <ClCompile Include="toolbox\imop\vl_imdisttf.c">
      <Filter>toolbox</Filter>
    </ClCompile>
    <ClCompile Include="toolbox\imop\vl_imintegral.c">
      <Filter>toolbox</Filter>
    </ClCompile>
    <ClCompile Include="toolbox\imop\vl_imsmooth.c">
      <Filter>toolbox</Filter>
    </ClCompile>
    <ClCompile Include="toolbox\imop\vl_imwbackwardmx.c">
      <Filter>toolbox</Filter>
    </ClCompile>
    <ClCompile Include="toolbox\misc\vl_inthist.c">
      <Filter>toolbox</Filter>
    </ClCompile>
    <ClCompile Include="toolbox\geometry\vl_irodr.c">
      <Filter>toolbox</Filter>
    </ClCompile>
    <ClCompile Include="toolbox\misc\vl_kdtreebuild.c">
      <Filter>toolbox</Filter>
    </ClCompile>
    <ClCompile Include="toolbox\misc\vl_kdtreequery.c">
      <Filter>toolbox</Filter>
    </ClCompile>
    <ClCompile Include="toolbox\kmeans\vl_kmeans.c">
      <Filter>toolbox</Filter>
    </ClCompile>
    <ClCompile Include="toolbox\misc\vl_localmax.c">
      <Filter>toolbox</Filter>
    </ClCompile>
    <ClCompile Include="toolbox\mser\vl_mser.c">
      <Filter>toolbox</Filter>
    </ClCompile>
    <ClCompile Include="toolbox\misc\vl_pegasos.c">
      <Filter>toolbox</Filter>
    </ClCompile>
    <ClCompile Include="toolbox\quickshift\vl_quickshift.c">
      <Filter>toolbox</Filter>
    </ClCompile>
    <ClCompile Include="toolbox\geometry\vl_rodr.c">
      <Filter>toolbox</Filter>
    </ClCompile>
    <ClCompile Include="toolbox\misc\vl_samplinthist.c">
      <Filter>toolbox</Filter>
    </ClCompile>
    <ClCompile Include="toolbox\sift\vl_sift.c">
      <Filter>toolbox</Filter>
    </ClCompile>
    <ClCompile Include="toolbox\sift\vl_siftdescriptor.c">
      <Filter>toolbox</Filter>
    </ClCompile>
    <ClCompile Include="toolbox\misc\vl_simdctrl.c">
      <Filter>toolbox</Filter>
    </ClCompile>
    <ClCompile Include="toolbox\imop\vl_tpsumx.c">
      <Filter>toolbox</Filter>
    </ClCompile>
    <ClCompile Include="toolbox\misc\vl_twister.c">
      <Filter>toolbox</Filter>
    </ClCompile>
    <ClCompile Include="toolbox\sift\vl_ubcmatch.c">
      <Filter>toolbox</Filter>
    </ClCompile>
    <ClCompile Include="toolbox\misc\vl_version.c">
      <Filter>toolbox</Filter>
    </ClCompile>
    <ClCompile Include="toolbox\misc\vl_whistc.c">
      <Filter>toolbox</Filter>
    </ClCompile>
  </ItemGroup>
  <ItemGroup>
    <ClInclude Include="src\generic-driver.h">
      <Filter>src</Filter>
    </ClInclude>
    <ClInclude Include="vl\aib.h">
      <Filter>vl</Filter>
    </ClInclude>
    <ClInclude Include="vl\dsift.h">
      <Filter>vl</Filter>
    </ClInclude>
    <ClInclude Include="vl\generic.h">
      <Filter>vl</Filter>
    </ClInclude>
    <ClInclude Include="vl\getopt_long.h">
      <Filter>vl</Filter>
    </ClInclude>
    <ClInclude Include="vl\heap-def.h">
      <Filter>vl</Filter>
    </ClInclude>
    <ClInclude Include="vl\hikmeans.h">
      <Filter>vl</Filter>
    </ClInclude>
    <ClInclude Include="vl\homkermap.h">
      <Filter>vl</Filter>
    </ClInclude>
    <ClInclude Include="vl\host.h">
      <Filter>vl</Filter>
    </ClInclude>
    <ClInclude Include="vl\ikmeans.h">
      <Filter>vl</Filter>
    </ClInclude>
    <ClInclude Include="vl\imopv.h">
      <Filter>vl</Filter>
    </ClInclude>
    <ClInclude Include="vl\imopv_sse2.h">
      <Filter>vl</Filter>
    </ClInclude>
    <ClInclude Include="vl\kdtree.h">
      <Filter>vl</Filter>
    </ClInclude>
    <ClInclude Include="vl\kmeans.h">
      <Filter>vl</Filter>
    </ClInclude>
    <ClInclude Include="vl\mathop.h">
      <Filter>vl</Filter>
    </ClInclude>
    <ClInclude Include="vl\mathop_sse2.h">
      <Filter>vl</Filter>
    </ClInclude>
    <ClInclude Include="vl\mser.h">
      <Filter>vl</Filter>
    </ClInclude>
    <ClInclude Include="vl\pgm.h">
      <Filter>vl</Filter>
    </ClInclude>
    <ClInclude Include="vl\qsort-def.h">
      <Filter>vl</Filter>
    </ClInclude>
    <ClInclude Include="vl\quickshift.h">
      <Filter>vl</Filter>
    </ClInclude>
    <ClInclude Include="vl\random.h">
      <Filter>vl</Filter>
    </ClInclude>
    <ClInclude Include="vl\rodrigues.h">
      <Filter>vl</Filter>
    </ClInclude>
    <ClInclude Include="vl\shuffle-def.h">
      <Filter>vl</Filter>
    </ClInclude>
    <ClInclude Include="vl\sift.h">
      <Filter>vl</Filter>
    </ClInclude>
    <ClInclude Include="vl\stringop.h">
      <Filter>vl</Filter>
    </ClInclude>
    <ClInclude Include="toolbox\misc\kdtree.h">
      <Filter>toolbox</Filter>
    </ClInclude>
    <ClInclude Include="toolbox\mexutils.h">
      <Filter>toolbox</Filter>
    </ClInclude>
  </ItemGroup>
  <ItemGroup>
    <None Include="vl\float.th">
      <Filter>vl</Filter>
    </None>
    <None Include="vl\ikmeans_elkan.tc">
      <Filter>vl</Filter>
    </None>
    <None Include="vl\ikmeans_init.tc">
      <Filter>vl</Filter>
    </None>
    <None Include="vl\ikmeans_lloyd.tc">
      <Filter>vl</Filter>
    </None>
    <None Include="make\bin.mak">
      <Filter>make</Filter>
    </None>
    <None Include="make\dist.mak">
      <Filter>make</Filter>
    </None>
    <None Include="make\dll.mak">
      <Filter>make</Filter>
    </None>
    <None Include="make\doc.mak">
      <Filter>make</Filter>
    </None>
    <None Include="make\matlab.mak">
      <Filter>make</Filter>
    </None>
    <None Include="make\octave.mak">
      <Filter>make</Filter>
    </None>
    <None Include="make\update-mak.sh">
      <Filter>make</Filter>
    </None>
    <None Include="Makefile.mak" />
  </ItemGroup>
  <ItemGroup>
    <Text Include="readme.txt" />
  </ItemGroup>
</Project>